<?xml version="1.0" encoding="utf-8"?>
<Project ToolsVersion="4.0" xmlns="http://schemas.microsoft.com/developer/msbuild/2003">
  <ItemGroup>
    <Filter Include="Файлы исходного кода">
      <UniqueIdentifier>{4FC737F1-C7A5-4376-A066-2A32D752A2FF}</UniqueIdentifier>
      <Extensions>cpp;c;cc;cxx;def;odl;idl;hpj;bat;asm;asmx</Extensions>
    </Filter>
    <Filter Include="Заголовочные файлы">
      <UniqueIdentifier>{93995380-89BD-4b04-88EB-625FBE52EBFB}</UniqueIdentifier>
      <Extensions>h;hh;hpp;hxx;hm;inl;inc;xsd</Extensions>
    </Filter>
    <Filter Include="Файлы ресурсов">
      <UniqueIdentifier>{67DA6AB6-F800-4c08-8B7A-83BB121AAD01}</UniqueIdentifier>
      <Extensions>rc;ico;cur;bmp;dlg;rc2;rct;bin;rgs;gif;jpg;jpeg;jpe;resx;tiff;tif;png;wav;mfcribbon-ms</Extensions>
    </Filter>
    <Filter Include="Файлы исходного кода\Util">
      <UniqueIdentifier>{5c4193ba-7c66-40b1-a51f-f8f6351f80ff}</UniqueIdentifier>
    </Filter>
    <Filter Include="Файлы исходного кода\Main">
      <UniqueIdentifier>{0d4c41bc-8626-4720-b039-a5a3a25826ee}</UniqueIdentifier>
    </Filter>
    <Filter Include="Файлы исходного кода\EJB">
      <UniqueIdentifier>{8268d327-5821-4a60-a256-2b9c6e4d1720}</UniqueIdentifier>
    </Filter>
    <Filter Include="Файлы исходного кода\Socket">
      <UniqueIdentifier>{96e735e3-a4be-416d-ae4c-66019470a720}</UniqueIdentifier>
    </Filter>
    <Filter Include="Precompiled Header">
      <UniqueIdentifier>{9fabd72c-b409-43e9-b0b4-fe9545040565}</UniqueIdentifier>
    </Filter>
    <Filter Include="Файлы исходного кода\Thread">
      <UniqueIdentifier>{bb9e74b0-e1bf-4873-bee1-3e3b9fcf05e1}</UniqueIdentifier>
    </Filter>
    <Filter Include="Файлы исходного кода\RPG">
      <UniqueIdentifier>{5299812b-7863-4379-afba-5578c2334d04}</UniqueIdentifier>
    </Filter>
    <Filter Include="Файлы исходного кода\RPG\Locations">
      <UniqueIdentifier>{b96c9fd8-b28e-42ed-931a-1690441aad77}</UniqueIdentifier>
    </Filter>
    <Filter Include="Файлы исходного кода\RPG\Core">
      <UniqueIdentifier>{198f981b-a5d3-4aee-a6b9-6ec4fb3b16dd}</UniqueIdentifier>
    </Filter>
    <Filter Include="Файлы исходного кода\RPG\Network">
      <UniqueIdentifier>{ae68ba20-eba9-46c5-83ab-e3aa4a7ffd54}</UniqueIdentifier>
    </Filter>
  </ItemGroup>
  <ItemGroup>
    <Text Include="ReadMe.txt" />
  </ItemGroup>
  <ItemGroup>
    <ClInclude Include="stdafx.h">
      <Filter>Заголовочные файлы</Filter>
    </ClInclude>
    <ClInclude Include="targetver.h">
      <Filter>Заголовочные файлы</Filter>
    </ClInclude>
    <ClInclude Include="util.h">
      <Filter>Файлы исходного кода\Util</Filter>
    </ClInclude>
    <ClInclude Include="socket.h">
      <Filter>Файлы исходного кода\Socket</Filter>
    </ClInclude>
    <ClInclude Include="ejb.h">
      <Filter>Файлы исходного кода\EJB</Filter>
    </ClInclude>
    <ClInclude Include="thread.h">
      <Filter>Файлы исходного кода\Thread</Filter>
    </ClInclude>
    <ClInclude Include="rpg_core.h">
      <Filter>Файлы исходного кода\RPG\Core</Filter>
    </ClInclude>
    <ClInclude Include="rpg_client.h">
      <Filter>Файлы исходного кода\RPG\Network</Filter>
    </ClInclude>
    <ClInclude Include="rpg.h">
      <Filter>Файлы исходного кода\RPG\Core</Filter>
    </ClInclude>
    <ClInclude Include="rpg_location.h">
      <Filter>Файлы исходного кода\RPG\Locations</Filter>
    </ClInclude>
    <ClInclude Include="rpg_network.h">
      <Filter>Файлы исходного кода\RPG\Network</Filter>
    </ClInclude>
  </ItemGroup>
  <ItemGroup>
    <ClCompile Include="main.cpp">
      <Filter>Файлы исходного кода\Main</Filter>
    </ClCompile>
    <ClCompile Include="stdafx.cpp">
      <Filter>Precompiled Header</Filter>
    </ClCompile>
    <ClCompile Include="ejb_main.cpp">
      <Filter>Файлы исходного кода\EJB</Filter>
    </ClCompile>
    <ClCompile Include="socket_main.cpp">
      <Filter>Файлы исходного кода\Socket</Filter>
    </ClCompile>
    <ClCompile Include="util_main.cpp">
      <Filter>Файлы исходного кода\Util</Filter>
    </ClCompile>
    <ClCompile Include="thread_main.cpp">
      <Filter>Файлы исходного кода\Thread</Filter>
    </ClCompile>
    <ClCompile Include="rpg_main.cpp">
      <Filter>Файлы исходного кода\RPG</Filter>
    </ClCompile>
    <ClCompile Include="rpg_location.cpp">
      <Filter>Файлы исходного кода\RPG\Locations</Filter>
    </ClCompile>
  </ItemGroup>
</Project>